// !$*UTF8*$!
{
	archiveVersion = 1;
	classes = {
	};
	objectVersion = 56;
	objects = {

/* Begin PBXBuildFile section */
		A22458222AF419B900F0BF2E /* AppDelegate.swift in Sources */ = {isa = PBXBuildFile; fileRef = A22458212AF419B900F0BF2E /* AppDelegate.swift */; };
		A22458242AF419B900F0BF2E /* SceneDelegate.swift in Sources */ = {isa = PBXBuildFile; fileRef = A22458232AF419B900F0BF2E /* SceneDelegate.swift */; };
		A22458262AF419B900F0BF2E /* ViewController.swift in Sources */ = {isa = PBXBuildFile; fileRef = A22458252AF419B900F0BF2E /* ViewController.swift */; };
		A224582C2AF419B900F0BF2E /* OSambista.xcdatamodeld in Sources */ = {isa = PBXBuildFile; fileRef = A224582A2AF419B900F0BF2E /* OSambista.xcdatamodeld */; };
		A224582E2AF419BC00F0BF2E /* Assets.xcassets in Resources */ = {isa = PBXBuildFile; fileRef = A224582D2AF419BC00F0BF2E /* Assets.xcassets */; };
		A22458312AF419BC00F0BF2E /* LaunchScreen.storyboard in Resources */ = {isa = PBXBuildFile; fileRef = A224582F2AF419BC00F0BF2E /* LaunchScreen.storyboard */; };
		A224583C2AF419BC00F0BF2E /* OSambistaTests.swift in Sources */ = {isa = PBXBuildFile; fileRef = A224583B2AF419BC00F0BF2E /* OSambistaTests.swift */; };
		A22458462AF419BC00F0BF2E /* OSambistaUITests.swift in Sources */ = {isa = PBXBuildFile; fileRef = A22458452AF419BC00F0BF2E /* OSambistaUITests.swift */; };
		A22458482AF419BC00F0BF2E /* OSambistaUITestsLaunchTests.swift in Sources */ = {isa = PBXBuildFile; fileRef = A22458472AF419BC00F0BF2E /* OSambistaUITestsLaunchTests.swift */; };
		A22458642AF41E7D00F0BF2E /* UIColor+Extension.swift in Sources */ = {isa = PBXBuildFile; fileRef = A22458632AF41E7D00F0BF2E /* UIColor+Extension.swift */; };
		A22458662AF41EC200F0BF2E /* BaseViewController.swift in Sources */ = {isa = PBXBuildFile; fileRef = A22458652AF41EC200F0BF2E /* BaseViewController.swift */; };
		A22458682AF41EFF00F0BF2E /* TabBarController.swift in Sources */ = {isa = PBXBuildFile; fileRef = A22458672AF41EFF00F0BF2E /* TabBarController.swift */; };
/* End PBXBuildFile section */

/* Begin PBXContainerItemProxy section */
		A22458382AF419BC00F0BF2E /* PBXContainerItemProxy */ = {
			isa = PBXContainerItemProxy;
			containerPortal = A22458162AF419B900F0BF2E /* Project object */;
			proxyType = 1;
			remoteGlobalIDString = A224581D2AF419B900F0BF2E;
			remoteInfo = OSambista;
		};
		A22458422AF419BC00F0BF2E /* PBXContainerItemProxy */ = {
			isa = PBXContainerItemProxy;
			containerPortal = A22458162AF419B900F0BF2E /* Project object */;
			proxyType = 1;
			remoteGlobalIDString = A224581D2AF419B900F0BF2E;
			remoteInfo = OSambista;
		};
/* End PBXContainerItemProxy section */

/* Begin PBXFileReference section */
		A224581E2AF419B900F0BF2E /* OSambista.app */ = {isa = PBXFileReference; explicitFileType = wrapper.application; includeInIndex = 0; path = OSambista.app; sourceTree = BUILT_PRODUCTS_DIR; };
		A22458212AF419B900F0BF2E /* AppDelegate.swift */ = {isa = PBXFileReference; lastKnownFileType = sourcecode.swift; path = AppDelegate.swift; sourceTree = "<group>"; };
		A22458232AF419B900F0BF2E /* SceneDelegate.swift */ = {isa = PBXFileReference; lastKnownFileType = sourcecode.swift; path = SceneDelegate.swift; sourceTree = "<group>"; };
		A22458252AF419B900F0BF2E /* ViewController.swift */ = {isa = PBXFileReference; lastKnownFileType = sourcecode.swift; path = ViewController.swift; sourceTree = "<group>"; };
		A224582B2AF419B900F0BF2E /* OSambista.xcdatamodel */ = {isa = PBXFileReference; lastKnownFileType = wrapper.xcdatamodel; path = OSambista.xcdatamodel; sourceTree = "<group>"; };
		A224582D2AF419BC00F0BF2E /* Assets.xcassets */ = {isa = PBXFileReference; lastKnownFileType = folder.assetcatalog; path = Assets.xcassets; sourceTree = "<group>"; };
		A22458302AF419BC00F0BF2E /* Base */ = {isa = PBXFileReference; lastKnownFileType = file.storyboard; name = Base; path = Base.lproj/LaunchScreen.storyboard; sourceTree = "<group>"; };
		A22458322AF419BC00F0BF2E /* Info.plist */ = {isa = PBXFileReference; lastKnownFileType = text.plist.xml; path = Info.plist; sourceTree = "<group>"; };
		A22458372AF419BC00F0BF2E /* OSambistaTests.xctest */ = {isa = PBXFileReference; explicitFileType = wrapper.cfbundle; includeInIndex = 0; path = OSambistaTests.xctest; sourceTree = BUILT_PRODUCTS_DIR; };
		A224583B2AF419BC00F0BF2E /* OSambistaTests.swift */ = {isa = PBXFileReference; lastKnownFileType = sourcecode.swift; path = OSambistaTests.swift; sourceTree = "<group>"; };
		A22458412AF419BC00F0BF2E /* OSambistaUITests.xctest */ = {isa = PBXFileReference; explicitFileType = wrapper.cfbundle; includeInIndex = 0; path = OSambistaUITests.xctest; sourceTree = BUILT_PRODUCTS_DIR; };
		A22458452AF419BC00F0BF2E /* OSambistaUITests.swift */ = {isa = PBXFileReference; lastKnownFileType = sourcecode.swift; path = OSambistaUITests.swift; sourceTree = "<group>"; };
		A22458472AF419BC00F0BF2E /* OSambistaUITestsLaunchTests.swift */ = {isa = PBXFileReference; lastKnownFileType = sourcecode.swift; path = OSambistaUITestsLaunchTests.swift; sourceTree = "<group>"; };
		A22458632AF41E7D00F0BF2E /* UIColor+Extension.swift */ = {isa = PBXFileReference; lastKnownFileType = sourcecode.swift; path = "UIColor+Extension.swift"; sourceTree = "<group>"; };
		A22458652AF41EC200F0BF2E /* BaseViewController.swift */ = {isa = PBXFileReference; lastKnownFileType = sourcecode.swift; path = BaseViewController.swift; sourceTree = "<group>"; };
		A22458672AF41EFF00F0BF2E /* TabBarController.swift */ = {isa = PBXFileReference; lastKnownFileType = sourcecode.swift; path = TabBarController.swift; sourceTree = "<group>"; };
/* End PBXFileReference section */

/* Begin PBXFrameworksBuildPhase section */
		A224581B2AF419B900F0BF2E /* Frameworks */ = {
			isa = PBXFrameworksBuildPhase;
			buildActionMask = 2147483647;
			files = (
			);
			runOnlyForDeploymentPostprocessing = 0;
		};
		A22458342AF419BC00F0BF2E /* Frameworks */ = {
			isa = PBXFrameworksBuildPhase;
			buildActionMask = 2147483647;
			files = (
			);
			runOnlyForDeploymentPostprocessing = 0;
		};
		A224583E2AF419BC00F0BF2E /* Frameworks */ = {
			isa = PBXFrameworksBuildPhase;
			buildActionMask = 2147483647;
			files = (
			);
			runOnlyForDeploymentPostprocessing = 0;
		};
/* End PBXFrameworksBuildPhase section */

/* Begin PBXGroup section */
		A22458152AF419B900F0BF2E = {
			isa = PBXGroup;
			children = (
				A22458202AF419B900F0BF2E /* OSambista */,
				A224583A2AF419BC00F0BF2E /* OSambistaTests */,
				A22458442AF419BC00F0BF2E /* OSambistaUITests */,
				A224581F2AF419B900F0BF2E /* Products */,
			);
			sourceTree = "<group>";
		};
		A224581F2AF419B900F0BF2E /* Products */ = {
			isa = PBXGroup;
			children = (
				A224581E2AF419B900F0BF2E /* OSambista.app */,
				A22458372AF419BC00F0BF2E /* OSambistaTests.xctest */,
				A22458412AF419BC00F0BF2E /* OSambistaUITests.xctest */,
			);
			name = Products;
			sourceTree = "<group>";
		};
		A22458202AF419B900F0BF2E /* OSambista */ = {
			isa = PBXGroup;
			children = (
				A22458542AF41CE900F0BF2E /* Utils */,
				A22458552AF41CF800F0BF2E /* Start */,
				A224585A2AF41D4C00F0BF2E /* Resources */,
				A22458592AF41D3E00F0BF2E /* Extensions */,
				A22458582AF41D2E00F0BF2E /* Components */,
				A22458572AF41D2600F0BF2E /* Models */,
				A22458562AF41D0E00F0BF2E /* Sections */,
				A22458252AF419B900F0BF2E /* ViewController.swift */,
				A224582A2AF419B900F0BF2E /* OSambista.xcdatamodeld */,
			);
			path = OSambista;
			sourceTree = "<group>";
		};
		A224583A2AF419BC00F0BF2E /* OSambistaTests */ = {
			isa = PBXGroup;
			children = (
				A224583B2AF419BC00F0BF2E /* OSambistaTests.swift */,
			);
			path = OSambistaTests;
			sourceTree = "<group>";
		};
		A22458442AF419BC00F0BF2E /* OSambistaUITests */ = {
			isa = PBXGroup;
			children = (
				A22458452AF419BC00F0BF2E /* OSambistaUITests.swift */,
				A22458472AF419BC00F0BF2E /* OSambistaUITestsLaunchTests.swift */,
			);
			path = OSambistaUITests;
			sourceTree = "<group>";
		};
		A22458542AF41CE900F0BF2E /* Utils */ = {
			isa = PBXGroup;
			children = (
			);
			path = Utils;
			sourceTree = "<group>";
		};
		A22458552AF41CF800F0BF2E /* Start */ = {
			isa = PBXGroup;
			children = (
				A22458212AF419B900F0BF2E /* AppDelegate.swift */,
				A22458232AF419B900F0BF2E /* SceneDelegate.swift */,
				A224582F2AF419BC00F0BF2E /* LaunchScreen.storyboard */,
			);
			path = Start;
			sourceTree = "<group>";
		};
		A22458562AF41D0E00F0BF2E /* Sections */ = {
			isa = PBXGroup;
			children = (
				A224585C2AF41DE000F0BF2E /* Start */,
				A224585B2AF41DD400F0BF2E /* TabBar */,
			);
			path = Sections;
			sourceTree = "<group>";
		};
		A22458572AF41D2600F0BF2E /* Models */ = {
			isa = PBXGroup;
			children = (
			);
			path = Models;
			sourceTree = "<group>";
		};
		A22458582AF41D2E00F0BF2E /* Components */ = {
			isa = PBXGroup;
			children = (
				A22458652AF41EC200F0BF2E /* BaseViewController.swift */,
			);
			path = Components;
			sourceTree = "<group>";
		};
		A22458592AF41D3E00F0BF2E /* Extensions */ = {
			isa = PBXGroup;
			children = (
				A22458632AF41E7D00F0BF2E /* UIColor+Extension.swift */,
			);
			path = Extensions;
			sourceTree = "<group>";
		};
		A224585A2AF41D4C00F0BF2E /* Resources */ = {
			isa = PBXGroup;
			children = (
				A224582D2AF419BC00F0BF2E /* Assets.xcassets */,
				A22458322AF419BC00F0BF2E /* Info.plist */,
			);
			path = Resources;
			sourceTree = "<group>";
		};
		A224585B2AF41DD400F0BF2E /* TabBar */ = {
			isa = PBXGroup;
			children = (
				A22458622AF41E2800F0BF2E /* Views */,
				A22458612AF41E2000F0BF2E /* ViewControllers */,
				A22458602AF41E1A00F0BF2E /* Cells */,
				A22458672AF41EFF00F0BF2E /* TabBarController.swift */,
			);
			path = TabBar;
			sourceTree = "<group>";
		};
		A224585C2AF41DE000F0BF2E /* Start */ = {
			isa = PBXGroup;
			children = (
				A224585F2AF41E0F00F0BF2E /* Views */,
				A224585E2AF41E0500F0BF2E /* ViewControllers */,
				A224585D2AF41DF500F0BF2E /* Cells */,
			);
			path = Start;
			sourceTree = "<group>";
		};
		A224585D2AF41DF500F0BF2E /* Cells */ = {
			isa = PBXGroup;
			children = (
			);
			path = Cells;
			sourceTree = "<group>";
		};
		A224585E2AF41E0500F0BF2E /* ViewControllers */ = {
			isa = PBXGroup;
			children = (
			);
			path = ViewControllers;
			sourceTree = "<group>";
		};
		A224585F2AF41E0F00F0BF2E /* Views */ = {
			isa = PBXGroup;
			children = (
			);
			path = Views;
			sourceTree = "<group>";
		};
		A22458602AF41E1A00F0BF2E /* Cells */ = {
			isa = PBXGroup;
			children = (
			);
			path = Cells;
			sourceTree = "<group>";
		};
		A22458612AF41E2000F0BF2E /* ViewControllers */ = {
			isa = PBXGroup;
			children = (
			);
			path = ViewControllers;
			sourceTree = "<group>";
		};
		A22458622AF41E2800F0BF2E /* Views */ = {
			isa = PBXGroup;
			children = (
			);
			path = Views;
			sourceTree = "<group>";
		};
/* End PBXGroup section */

/* Begin PBXNativeTarget section */
		A224581D2AF419B900F0BF2E /* OSambista */ = {
			isa = PBXNativeTarget;
			buildConfigurationList = A224584B2AF419BC00F0BF2E /* Build configuration list for PBXNativeTarget "OSambista" */;
			buildPhases = (
				A224581A2AF419B900F0BF2E /* Sources */,
				A224581B2AF419B900F0BF2E /* Frameworks */,
				A224581C2AF419B900F0BF2E /* Resources */,
			);
			buildRules = (
			);
			dependencies = (
			);
			name = OSambista;
			productName = OSambista;
			productReference = A224581E2AF419B900F0BF2E /* OSambista.app */;
			productType = "com.apple.product-type.application";
		};
		A22458362AF419BC00F0BF2E /* OSambistaTests */ = {
			isa = PBXNativeTarget;
			buildConfigurationList = A224584E2AF419BC00F0BF2E /* Build configuration list for PBXNativeTarget "OSambistaTests" */;
			buildPhases = (
				A22458332AF419BC00F0BF2E /* Sources */,
				A22458342AF419BC00F0BF2E /* Frameworks */,
				A22458352AF419BC00F0BF2E /* Resources */,
			);
			buildRules = (
			);
			dependencies = (
				A22458392AF419BC00F0BF2E /* PBXTargetDependency */,
			);
			name = OSambistaTests;
			productName = OSambistaTests;
			productReference = A22458372AF419BC00F0BF2E /* OSambistaTests.xctest */;
			productType = "com.apple.product-type.bundle.unit-test";
		};
		A22458402AF419BC00F0BF2E /* OSambistaUITests */ = {
			isa = PBXNativeTarget;
			buildConfigurationList = A22458512AF419BC00F0BF2E /* Build configuration list for PBXNativeTarget "OSambistaUITests" */;
			buildPhases = (
				A224583D2AF419BC00F0BF2E /* Sources */,
				A224583E2AF419BC00F0BF2E /* Frameworks */,
				A224583F2AF419BC00F0BF2E /* Resources */,
			);
			buildRules = (
			);
			dependencies = (
				A22458432AF419BC00F0BF2E /* PBXTargetDependency */,
			);
			name = OSambistaUITests;
			productName = OSambistaUITests;
			productReference = A22458412AF419BC00F0BF2E /* OSambistaUITests.xctest */;
			productType = "com.apple.product-type.bundle.ui-testing";
		};
/* End PBXNativeTarget section */

/* Begin PBXProject section */
		A22458162AF419B900F0BF2E /* Project object */ = {
			isa = PBXProject;
			attributes = {
				BuildIndependentTargetsInParallel = 1;
				LastSwiftUpdateCheck = 1420;
				LastUpgradeCheck = 1420;
				TargetAttributes = {
					A224581D2AF419B900F0BF2E = {
						CreatedOnToolsVersion = 14.2;
					};
					A22458362AF419BC00F0BF2E = {
						CreatedOnToolsVersion = 14.2;
						TestTargetID = A224581D2AF419B900F0BF2E;
					};
					A22458402AF419BC00F0BF2E = {
						CreatedOnToolsVersion = 14.2;
						TestTargetID = A224581D2AF419B900F0BF2E;
					};
				};
			};
			buildConfigurationList = A22458192AF419B900F0BF2E /* Build configuration list for PBXProject "OSambista" */;
			compatibilityVersion = "Xcode 14.0";
			developmentRegion = en;
			hasScannedForEncodings = 0;
			knownRegions = (
				en,
				Base,
			);
			mainGroup = A22458152AF419B900F0BF2E;
			productRefGroup = A224581F2AF419B900F0BF2E /* Products */;
			projectDirPath = "";
			projectRoot = "";
			targets = (
				A224581D2AF419B900F0BF2E /* OSambista */,
				A22458362AF419BC00F0BF2E /* OSambistaTests */,
				A22458402AF419BC00F0BF2E /* OSambistaUITests */,
			);
		};
/* End PBXProject section */

/* Begin PBXResourcesBuildPhase section */
		A224581C2AF419B900F0BF2E /* Resources */ = {
			isa = PBXResourcesBuildPhase;
			buildActionMask = 2147483647;
			files = (
				A22458312AF419BC00F0BF2E /* LaunchScreen.storyboard in Resources */,
				A224582E2AF419BC00F0BF2E /* Assets.xcassets in Resources */,
			);
			runOnlyForDeploymentPostprocessing = 0;
		};
		A22458352AF419BC00F0BF2E /* Resources */ = {
			isa = PBXResourcesBuildPhase;
			buildActionMask = 2147483647;
			files = (
			);
			runOnlyForDeploymentPostprocessing = 0;
		};
		A224583F2AF419BC00F0BF2E /* Resources */ = {
			isa = PBXResourcesBuildPhase;
			buildActionMask = 2147483647;
			files = (
			);
			runOnlyForDeploymentPostprocessing = 0;
		};
/* End PBXResourcesBuildPhase section */

/* Begin PBXSourcesBuildPhase section */
		A224581A2AF419B900F0BF2E /* Sources */ = {
			isa = PBXSourcesBuildPhase;
			buildActionMask = 2147483647;
			files = (
				A22458262AF419B900F0BF2E /* ViewController.swift in Sources */,
				A224582C2AF419B900F0BF2E /* OSambista.xcdatamodeld in Sources */,
				A22458222AF419B900F0BF2E /* AppDelegate.swift in Sources */,
				A22458242AF419B900F0BF2E /* SceneDelegate.swift in Sources */,
				A22458682AF41EFF00F0BF2E /* TabBarController.swift in Sources */,
				A22458642AF41E7D00F0BF2E /* UIColor+Extension.swift in Sources */,
				A22458662AF41EC200F0BF2E /* BaseViewController.swift in Sources */,
			);
			runOnlyForDeploymentPostprocessing = 0;
		};
		A22458332AF419BC00F0BF2E /* Sources */ = {
			isa = PBXSourcesBuildPhase;
			buildActionMask = 2147483647;
			files = (
				A224583C2AF419BC00F0BF2E /* OSambistaTests.swift in Sources */,
			);
			runOnlyForDeploymentPostprocessing = 0;
		};
		A224583D2AF419BC00F0BF2E /* Sources */ = {
			isa = PBXSourcesBuildPhase;
			buildActionMask = 2147483647;
			files = (
				A22458482AF419BC00F0BF2E /* OSambistaUITestsLaunchTests.swift in Sources */,
				A22458462AF419BC00F0BF2E /* OSambistaUITests.swift in Sources */,
			);
			runOnlyForDeploymentPostprocessing = 0;
		};
/* End PBXSourcesBuildPhase section */

/* Begin PBXTargetDependency section */
		A22458392AF419BC00F0BF2E /* PBXTargetDependency */ = {
			isa = PBXTargetDependency;
			target = A224581D2AF419B900F0BF2E /* OSambista */;
			targetProxy = A22458382AF419BC00F0BF2E /* PBXContainerItemProxy */;
		};
		A22458432AF419BC00F0BF2E /* PBXTargetDependency */ = {
			isa = PBXTargetDependency;
			target = A224581D2AF419B900F0BF2E /* OSambista */;
			targetProxy = A22458422AF419BC00F0BF2E /* PBXContainerItemProxy */;
		};
/* End PBXTargetDependency section */

/* Begin PBXVariantGroup section */
		A224582F2AF419BC00F0BF2E /* LaunchScreen.storyboard */ = {
			isa = PBXVariantGroup;
			children = (
				A22458302AF419BC00F0BF2E /* Base */,
			);
			name = LaunchScreen.storyboard;
			sourceTree = "<group>";
		};
/* End PBXVariantGroup section */

/* Begin XCBuildConfiguration section */
		A22458492AF419BC00F0BF2E /* Debug */ = {
			isa = XCBuildConfiguration;
			buildSettings = {
				ALWAYS_SEARCH_USER_PATHS = NO;
				CLANG_ANALYZER_NONNULL = YES;
				CLANG_ANALYZER_NUMBER_OBJECT_CONVERSION = YES_AGGRESSIVE;
				CLANG_CXX_LANGUAGE_STANDARD = "gnu++20";
				CLANG_ENABLE_MODULES = YES;
				CLANG_ENABLE_OBJC_ARC = YES;
				CLANG_ENABLE_OBJC_WEAK = YES;
				CLANG_WARN_BLOCK_CAPTURE_AUTORELEASING = YES;
				CLANG_WARN_BOOL_CONVERSION = YES;
				CLANG_WARN_COMMA = YES;
				CLANG_WARN_CONSTANT_CONVERSION = YES;
				CLANG_WARN_DEPRECATED_OBJC_IMPLEMENTATIONS = YES;
				CLANG_WARN_DIRECT_OBJC_ISA_USAGE = YES_ERROR;
				CLANG_WARN_DOCUMENTATION_COMMENTS = YES;
				CLANG_WARN_EMPTY_BODY = YES;
				CLANG_WARN_ENUM_CONVERSION = YES;
				CLANG_WARN_INFINITE_RECURSION = YES;
				CLANG_WARN_INT_CONVERSION = YES;
				CLANG_WARN_NON_LITERAL_NULL_CONVERSION = YES;
				CLANG_WARN_OBJC_IMPLICIT_RETAIN_SELF = YES;
				CLANG_WARN_OBJC_LITERAL_CONVERSION = YES;
				CLANG_WARN_OBJC_ROOT_CLASS = YES_ERROR;
				CLANG_WARN_QUOTED_INCLUDE_IN_FRAMEWORK_HEADER = YES;
				CLANG_WARN_RANGE_LOOP_ANALYSIS = YES;
				CLANG_WARN_STRICT_PROTOTYPES = YES;
				CLANG_WARN_SUSPICIOUS_MOVE = YES;
				CLANG_WARN_UNGUARDED_AVAILABILITY = YES_AGGRESSIVE;
				CLANG_WARN_UNREACHABLE_CODE = YES;
				CLANG_WARN__DUPLICATE_METHOD_MATCH = YES;
				COPY_PHASE_STRIP = NO;
				DEBUG_INFORMATION_FORMAT = dwarf;
				ENABLE_STRICT_OBJC_MSGSEND = YES;
				ENABLE_TESTABILITY = YES;
				GCC_C_LANGUAGE_STANDARD = gnu11;
				GCC_DYNAMIC_NO_PIC = NO;
				GCC_NO_COMMON_BLOCKS = YES;
				GCC_OPTIMIZATION_LEVEL = 0;
				GCC_PREPROCESSOR_DEFINITIONS = (
					"DEBUG=1",
					"$(inherited)",
				);
				GCC_WARN_64_TO_32_BIT_CONVERSION = YES;
				GCC_WARN_ABOUT_RETURN_TYPE = YES_ERROR;
				GCC_WARN_UNDECLARED_SELECTOR = YES;
				GCC_WARN_UNINITIALIZED_AUTOS = YES_AGGRESSIVE;
				GCC_WARN_UNUSED_FUNCTION = YES;
				GCC_WARN_UNUSED_VARIABLE = YES;
				IPHONEOS_DEPLOYMENT_TARGET = 16.2;
				MTL_ENABLE_DEBUG_INFO = INCLUDE_SOURCE;
				MTL_FAST_MATH = YES;
				ONLY_ACTIVE_ARCH = YES;
				SDKROOT = iphoneos;
				SWIFT_ACTIVE_COMPILATION_CONDITIONS = DEBUG;
				SWIFT_OPTIMIZATION_LEVEL = "-Onone";
			};
			name = Debug;
		};
		A224584A2AF419BC00F0BF2E /* Release */ = {
			isa = XCBuildConfiguration;
			buildSettings = {
				ALWAYS_SEARCH_USER_PATHS = NO;
				CLANG_ANALYZER_NONNULL = YES;
				CLANG_ANALYZER_NUMBER_OBJECT_CONVERSION = YES_AGGRESSIVE;
				CLANG_CXX_LANGUAGE_STANDARD = "gnu++20";
				CLANG_ENABLE_MODULES = YES;
				CLANG_ENABLE_OBJC_ARC = YES;
				CLANG_ENABLE_OBJC_WEAK = YES;
				CLANG_WARN_BLOCK_CAPTURE_AUTORELEASING = YES;
				CLANG_WARN_BOOL_CONVERSION = YES;
				CLANG_WARN_COMMA = YES;
				CLANG_WARN_CONSTANT_CONVERSION = YES;
				CLANG_WARN_DEPRECATED_OBJC_IMPLEMENTATIONS = YES;
				CLANG_WARN_DIRECT_OBJC_ISA_USAGE = YES_ERROR;
				CLANG_WARN_DOCUMENTATION_COMMENTS = YES;
				CLANG_WARN_EMPTY_BODY = YES;
				CLANG_WARN_ENUM_CONVERSION = YES;
				CLANG_WARN_INFINITE_RECURSION = YES;
				CLANG_WARN_INT_CONVERSION = YES;
				CLANG_WARN_NON_LITERAL_NULL_CONVERSION = YES;
				CLANG_WARN_OBJC_IMPLICIT_RETAIN_SELF = YES;
				CLANG_WARN_OBJC_LITERAL_CONVERSION = YES;
				CLANG_WARN_OBJC_ROOT_CLASS = YES_ERROR;
				CLANG_WARN_QUOTED_INCLUDE_IN_FRAMEWORK_HEADER = YES;
				CLANG_WARN_RANGE_LOOP_ANALYSIS = YES;
				CLANG_WARN_STRICT_PROTOTYPES = YES;
				CLANG_WARN_SUSPICIOUS_MOVE = YES;
				CLANG_WARN_UNGUARDED_AVAILABILITY = YES_AGGRESSIVE;
				CLANG_WARN_UNREACHABLE_CODE = YES;
				CLANG_WARN__DUPLICATE_METHOD_MATCH = YES;
				COPY_PHASE_STRIP = NO;
				DEBUG_INFORMATION_FORMAT = "dwarf-with-dsym";
				ENABLE_NS_ASSERTIONS = NO;
				ENABLE_STRICT_OBJC_MSGSEND = YES;
				GCC_C_LANGUAGE_STANDARD = gnu11;
				GCC_NO_COMMON_BLOCKS = YES;
				GCC_WARN_64_TO_32_BIT_CONVERSION = YES;
				GCC_WARN_ABOUT_RETURN_TYPE = YES_ERROR;
				GCC_WARN_UNDECLARED_SELECTOR = YES;
				GCC_WARN_UNINITIALIZED_AUTOS = YES_AGGRESSIVE;
				GCC_WARN_UNUSED_FUNCTION = YES;
				GCC_WARN_UNUSED_VARIABLE = YES;
				IPHONEOS_DEPLOYMENT_TARGET = 16.2;
				MTL_ENABLE_DEBUG_INFO = NO;
				MTL_FAST_MATH = YES;
				SDKROOT = iphoneos;
				SWIFT_COMPILATION_MODE = wholemodule;
				SWIFT_OPTIMIZATION_LEVEL = "-O";
				VALIDATE_PRODUCT = YES;
			};
			name = Release;
		};
		A224584C2AF419BC00F0BF2E /* Debug */ = {
			isa = XCBuildConfiguration;
			buildSettings = {
				ASSETCATALOG_COMPILER_APPICON_NAME = AppIcon;
				ASSETCATALOG_COMPILER_GLOBAL_ACCENT_COLOR_NAME = AccentColor;
				CODE_SIGN_STYLE = Automatic;
				CURRENT_PROJECT_VERSION = 1;
				DEVELOPMENT_TEAM = GAH82THXNC;
				GENERATE_INFOPLIST_FILE = YES;
				INFOPLIST_FILE = OSambista/Resources/Info.plist;
				INFOPLIST_KEY_UIApplicationSupportsIndirectInputEvents = YES;
				INFOPLIST_KEY_UILaunchStoryboardName = LaunchScreen;
				INFOPLIST_KEY_UIMainStoryboardFile = "";
				INFOPLIST_KEY_UISupportedInterfaceOrientations_iPad = "UIInterfaceOrientationPortrait UIInterfaceOrientationPortraitUpsideDown UIInterfaceOrientationLandscapeLeft UIInterfaceOrientationLandscapeRight";
				INFOPLIST_KEY_UISupportedInterfaceOrientations_iPhone = "UIInterfaceOrientationPortrait UIInterfaceOrientationLandscapeLeft UIInterfaceOrientationLandscapeRight";
				LD_RUNPATH_SEARCH_PATHS = (
					"$(inherited)",
					"@executable_path/Frameworks",
				);
				MARKETING_VERSION = 1.0;
				PRODUCT_BUNDLE_IDENTIFIER = ClaudioMattos.OSambista;
				PRODUCT_NAME = "$(TARGET_NAME)";
				SWIFT_EMIT_LOC_STRINGS = YES;
				SWIFT_VERSION = 5.0;
				TARGETED_DEVICE_FAMILY = "1,2";
			};
			name = Debug;
		};
		A224584D2AF419BC00F0BF2E /* Release */ = {
			isa = XCBuildConfiguration;
			buildSettings = {
				ASSETCATALOG_COMPILER_APPICON_NAME = AppIcon;
				ASSETCATALOG_COMPILER_GLOBAL_ACCENT_COLOR_NAME = AccentColor;
				CODE_SIGN_STYLE = Automatic;
				CURRENT_PROJECT_VERSION = 1;
				DEVELOPMENT_TEAM = GAH82THXNC;
				GENERATE_INFOPLIST_FILE = YES;
				INFOPLIST_FILE = OSambista/Resources/Info.plist;
				INFOPLIST_KEY_UIApplicationSupportsIndirectInputEvents = YES;
				INFOPLIST_KEY_UILaunchStoryboardName = LaunchScreen;
				INFOPLIST_KEY_UIMainStoryboardFile = "";
				INFOPLIST_KEY_UISupportedInterfaceOrientations_iPad = "UIInterfaceOrientationPortrait UIInterfaceOrientationPortraitUpsideDown UIInterfaceOrientationLandscapeLeft UIInterfaceOrientationLandscapeRight";
				INFOPLIST_KEY_UISupportedInterfaceOrientations_iPhone = "UIInterfaceOrientationPortrait UIInterfaceOrientationLandscapeLeft UIInterfaceOrientationLandscapeRight";
				LD_RUNPATH_SEARCH_PATHS = (
					"$(inherited)",
					"@executable_path/Frameworks",
				);
				MARKETING_VERSION = 1.0;
				PRODUCT_BUNDLE_IDENTIFIER = ClaudioMattos.OSambista;
				PRODUCT_NAME = "$(TARGET_NAME)";
				SWIFT_EMIT_LOC_STRINGS = YES;
				SWIFT_VERSION = 5.0;
				TARGETED_DEVICE_FAMILY = "1,2";
			};
			name = Release;
		};
		A224584F2AF419BC00F0BF2E /* Debug */ = {
			isa = XCBuildConfiguration;
			buildSettings = {
				ALWAYS_EMBED_SWIFT_STANDARD_LIBRARIES = YES;
				BUNDLE_LOADER = "$(TEST_HOST)";
				CODE_SIGN_STYLE = Automatic;
				CURRENT_PROJECT_VERSION = 1;
				DEVELOPMENT_TEAM = GAH82THXNC;
				GENERATE_INFOPLIST_FILE = YES;
				IPHONEOS_DEPLOYMENT_TARGET = 16.2;
				MARKETING_VERSION = 1.0;
				PRODUCT_BUNDLE_IDENTIFIER = ClaudioMattos.OSambistaTests;
				PRODUCT_NAME = "$(TARGET_NAME)";
				SWIFT_EMIT_LOC_STRINGS = NO;
				SWIFT_VERSION = 5.0;
				TARGETED_DEVICE_FAMILY = "1,2";
				TEST_HOST = "$(BUILT_PRODUCTS_DIR)/OSambista.app/$(BUNDLE_EXECUTABLE_FOLDER_PATH)/OSambista";
			};
			name = Debug;
		};
		A22458502AF419BC00F0BF2E /* Release */ = {
			isa = XCBuildConfiguration;
			buildSettings = {
				ALWAYS_EMBED_SWIFT_STANDARD_LIBRARIES = YES;
				BUNDLE_LOADER = "$(TEST_HOST)";
				CODE_SIGN_STYLE = Automatic;
				CURRENT_PROJECT_VERSION = 1;
				DEVELOPMENT_TEAM = GAH82THXNC;
				GENERATE_INFOPLIST_FILE = YES;
				IPHONEOS_DEPLOYMENT_TARGET = 16.2;
				MARKETING_VERSION = 1.0;
				PRODUCT_BUNDLE_IDENTIFIER = ClaudioMattos.OSambistaTests;
				PRODUCT_NAME = "$(TARGET_NAME)";
				SWIFT_EMIT_LOC_STRINGS = NO;
				SWIFT_VERSION = 5.0;
				TARGETED_DEVICE_FAMILY = "1,2";
				TEST_HOST = "$(BUILT_PRODUCTS_DIR)/OSambista.app/$(BUNDLE_EXECUTABLE_FOLDER_PATH)/OSambista";
			};
			name = Release;
		};
		A22458522AF419BC00F0BF2E /* Debug */ = {
			isa = XCBuildConfiguration;
			buildSettings = {
				ALWAYS_EMBED_SWIFT_STANDARD_LIBRARIES = YES;
				CODE_SIGN_STYLE = Automatic;
				CURRENT_PROJECT_VERSION = 1;
				DEVELOPMENT_TEAM = GAH82THXNC;
				GENERATE_INFOPLIST_FILE = YES;
				MARKETING_VERSION = 1.0;
				PRODUCT_BUNDLE_IDENTIFIER = ClaudioMattos.OSambistaUITests;
				PRODUCT_NAME = "$(TARGET_NAME)";
				SWIFT_EMIT_LOC_STRINGS = NO;
				SWIFT_VERSION = 5.0;
				TARGETED_DEVICE_FAMILY = "1,2";
				TEST_TARGET_NAME = OSambista;
			};
			name = Debug;
		};
		A22458532AF419BC00F0BF2E /* Release */ = {
			isa = XCBuildConfiguration;
			buildSettings = {
				ALWAYS_EMBED_SWIFT_STANDARD_LIBRARIES = YES;
				CODE_SIGN_STYLE = Automatic;
				CURRENT_PROJECT_VERSION = 1;
				DEVELOPMENT_TEAM = GAH82THXNC;
				GENERATE_INFOPLIST_FILE = YES;
				MARKETING_VERSION = 1.0;
				PRODUCT_BUNDLE_IDENTIFIER = ClaudioMattos.OSambistaUITests;
				PRODUCT_NAME = "$(TARGET_NAME)";
				SWIFT_EMIT_LOC_STRINGS = NO;
				SWIFT_VERSION = 5.0;
				TARGETED_DEVICE_FAMILY = "1,2";
				TEST_TARGET_NAME = OSambista;
			};
			name = Release;
		};
/* End XCBuildConfiguration section */

/* Begin XCConfigurationList section */
		A22458192AF419B900F0BF2E /* Build configuration list for PBXProject "OSambista" */ = {
			isa = XCConfigurationList;
			buildConfigurations = (
				A22458492AF419BC00F0BF2E /* Debug */,
				A224584A2AF419BC00F0BF2E /* Release */,
			);
			defaultConfigurationIsVisible = 0;
			defaultConfigurationName = Release;
		};
		A224584B2AF419BC00F0BF2E /* Build configuration list for PBXNativeTarget "OSambista" */ = {
			isa = XCConfigurationList;
			buildConfigurations = (
				A224584C2AF419BC00F0BF2E /* Debug */,
				A224584D2AF419BC00F0BF2E /* Release */,
			);
			defaultConfigurationIsVisible = 0;
			defaultConfigurationName = Release;
		};
		A224584E2AF419BC00F0BF2E /* Build configuration list for PBXNativeTarget "OSambistaTests" */ = {
			isa = XCConfigurationList;
			buildConfigurations = (
				A224584F2AF419BC00F0BF2E /* Debug */,
				A22458502AF419BC00F0BF2E /* Release */,
			);
			defaultConfigurationIsVisible = 0;
			defaultConfigurationName = Release;
		};
		A22458512AF419BC00F0BF2E /* Build configuration list for PBXNativeTarget "OSambistaUITests" */ = {
			isa = XCConfigurationList;
			buildConfigurations = (
				A22458522AF419BC00F0BF2E /* Debug */,
				A22458532AF419BC00F0BF2E /* Release */,
			);
			defaultConfigurationIsVisible = 0;
			defaultConfigurationName = Release;
		};
/* End XCConfigurationList section */

/* Begin XCVersionGroup section */
		A224582A2AF419B900F0BF2E /* OSambista.xcdatamodeld */ = {
			isa = XCVersionGroup;
			children = (
				A224582B2AF419B900F0BF2E /* OSambista.xcdatamodel */,
			);
			currentVersion = A224582B2AF419B900F0BF2E /* OSambista.xcdatamodel */;
			path = OSambista.xcdatamodeld;
			sourceTree = "<group>";
			versionGroupType = wrapper.xcdatamodel;
		};
/* End XCVersionGroup section */
	};
	rootObject = A22458162AF419B900F0BF2E /* Project object */;
}
